<Solution>
  <Folder Name="/src/">
    <Project Path="src/Coletas.Api/Coletas.Api.csproj" />
    <Project Path="src/Coletas.Application/Coletas.Application.csproj" />
    <Project Path="src/Coletas.Domain/Coletas.Domain.csproj" />
    <Project Path="src/Coletas.Infrastructure/Coletas.Infrastructure.csproj" />
  </Folder>
  <Folder Name="/tests/">
    <Project Path="tests/Coletas.Tests/Coletas.Tests.csproj" />
  </Folder>
</Solution>
